
Microsoft Visual Studio Solution File, Format Version 12.00
# Visual Studio 15
Project("{FAE04EC0-301F-11D3-BF4B-00C04F79EFBC}") = "Assembly-CSharp", "Assembly-CSharp.csproj", "{A7FE6F5E-8EBB-4930-FF5D-A9E875EB297F}"
EndProject
Project("{FAE04EC0-301F-11D3-BF4B-00C04F79EFBC}") = "Assembly-CSharp-Editor", "Assembly-CSharp-Editor.csproj", "{176D54A8-0F09-6053-C022-AD478FE58325}"
EndProject
Global
	GlobalSection(SolutionConfigurationPlatforms) = preSolution
		Debug|Any CPU = Debug|Any CPU
		Release|Any CPU = Release|Any CPU
	EndGlobalSection
	GlobalSection(ProjectConfigurationPlatforms) = postSolution
		{A7FE6F5E-8EBB-4930-FF5D-A9E875EB297F}.Debug|Any CPU.ActiveCfg = Debug|Any CPU
		{A7FE6F5E-8EBB-4930-FF5D-A9E875EB297F}.Debug|Any CPU.Build.0 = Debug|Any CPU
		{A7FE6F5E-8EBB-4930-FF5D-A9E875EB297F}.Release|Any CPU.ActiveCfg = Release|Any CPU
		{A7FE6F5E-8EBB-4930-FF5D-A9E875EB297F}.Release|Any CPU.Build.0 = Release|Any CPU
		{176D54A8-0F09-6053-C022-AD478FE58325}.Debug|Any CPU.ActiveCfg = Debug|Any CPU
		{176D54A8-0F09-6053-C022-AD478FE58325}.Debug|Any CPU.Build.0 = Debug|Any CPU
		{176D54A8-0F09-6053-C022-AD478FE58325}.Release|Any CPU.ActiveCfg = Release|Any CPU
		{176D54A8-0F09-6053-C022-AD478FE58325}.Release|Any CPU.Build.0 = Release|Any CPU
	EndGlobalSection
	GlobalSection(SolutionProperties) = preSolution
		HideSolutionNode = FALSE
	EndGlobalSection
EndGlobal
